
Microsoft Visual Studio Solution File, Format Version 12.00
# Visual Studio Version 16
VisualStudioVersion = 16.0.29418.71
MinimumVisualStudioVersion = 10.0.40219.1
Project("{FAE04EC0-301F-11D3-BF4B-00C04F79EFBC}") = "DependencyInjection", "DependencyInjection\DependencyInjection.csproj", "{4E44D111-18A0-4681-91DD-A7A06DADE907}"
EndProject
Global
	GlobalSection(SolutionConfigurationPlatforms) = preSolution
		Debug|Any CPU = Debug|Any CPU
		Release|Any CPU = Release|Any CPU
	EndGlobalSection
	GlobalSection(ProjectConfigurationPlatforms) = postSolution
		{4E44D111-18A0-4681-91DD-A7A06DADE907}.Debug|Any CPU.ActiveCfg = Debug|Any CPU
		{4E44D111-18A0-4681-91DD-A7A06DADE907}.Debug|Any CPU.Build.0 = Debug|Any CPU
		{4E44D111-18A0-4681-91DD-A7A06DADE907}.Release|Any CPU.ActiveCfg = Release|Any CPU
		{4E44D111-18A0-4681-91DD-A7A06DADE907}.Release|Any CPU.Build.0 = Release|Any CPU
	EndGlobalSection
	GlobalSection(SolutionProperties) = preSolution
		HideSolutionNode = FALSE
	EndGlobalSection
	GlobalSection(ExtensibilityGlobals) = postSolution
		SolutionGuid = {E4B3C2D9-3168-4E38-BF5F-C652FE2DDC91}
	EndGlobalSection
EndGlobal
